
Microsoft Visual Studio Solution File, Format Version 12.00
# Visual Studio Version 17
VisualStudioVersion = 17.14.36915.13 d17.14
MinimumVisualStudioVersion = 10.0.40219.1
Project("{FAE04EC0-301F-11D3-BF4B-00C04F79EFBC}") = "Hayat.API", "Hayat.API\Hayat.API.csproj", "{77AB455A-90A0-4F1E-A279-C7B4903F0017}"
EndProject
Project("{FAE04EC0-301F-11D3-BF4B-00C04F79EFBC}") = "Hayat.BLL", "Hayat.BLL\Hayat.BLL.csproj", "{36DD1136-D51A-45A4-978A-FF1FC5601C91}"
EndProject
Project("{FAE04EC0-301F-11D3-BF4B-00C04F79EFBC}") = "Hayat.DAL", "Hayat.DAL\Hayat.DAL.csproj", "{5AF25863-44A4-47BE-A1E7-C62A7F9FAA60}"
EndProject
Global
	GlobalSection(SolutionConfigurationPlatforms) = preSolution
		Debug|Any CPU = Debug|Any CPU
		Release|Any CPU = Release|Any CPU
	EndGlobalSection
	GlobalSection(ProjectConfigurationPlatforms) = postSolution
		{77AB455A-90A0-4F1E-A279-C7B4903F0017}.Debug|Any CPU.ActiveCfg = Debug|Any CPU
		{77AB455A-90A0-4F1E-A279-C7B4903F0017}.Debug|Any CPU.Build.0 = Debug|Any CPU
		{77AB455A-90A0-4F1E-A279-C7B4903F0017}.Release|Any CPU.ActiveCfg = Release|Any CPU
		{77AB455A-90A0-4F1E-A279-C7B4903F0017}.Release|Any CPU.Build.0 = Release|Any CPU
		{36DD1136-D51A-45A4-978A-FF1FC5601C91}.Debug|Any CPU.ActiveCfg = Debug|Any CPU
		{36DD1136-D51A-45A4-978A-FF1FC5601C91}.Debug|Any CPU.Build.0 = Debug|Any CPU
		{36DD1136-D51A-45A4-978A-FF1FC5601C91}.Release|Any CPU.ActiveCfg = Release|Any CPU
		{36DD1136-D51A-45A4-978A-FF1FC5601C91}.Release|Any CPU.Build.0 = Release|Any CPU
		{5AF25863-44A4-47BE-A1E7-C62A7F9FAA60}.Debug|Any CPU.ActiveCfg = Debug|Any CPU
		{5AF25863-44A4-47BE-A1E7-C62A7F9FAA60}.Debug|Any CPU.Build.0 = Debug|Any CPU
		{5AF25863-44A4-47BE-A1E7-C62A7F9FAA60}.Release|Any CPU.ActiveCfg = Release|Any CPU
		{5AF25863-44A4-47BE-A1E7-C62A7F9FAA60}.Release|Any CPU.Build.0 = Release|Any CPU
	EndGlobalSection
	GlobalSection(SolutionProperties) = preSolution
		HideSolutionNode = FALSE
	EndGlobalSection
	GlobalSection(ExtensibilityGlobals) = postSolution
		SolutionGuid = {848444ED-10FB-43E5-85FF-154D60561875}
	EndGlobalSection
EndGlobal
